
Microsoft Visual Studio Solution File, Format Version 12.00
# Visual Studio Version 16
VisualStudioVersion = 16.0.29123.88
MinimumVisualStudioVersion = 10.0.40219.1
Project("{9A19103F-16F7-4668-BE54-9A1E7A4F7556}") = "WordApp", "WordApp.csproj", "{E7A49BC2-1D7C-41B7-A007-95EDBD6EACA6}"
EndProject
Project("{9A19103F-16F7-4668-BE54-9A1E7A4F7556}") = "DI", "..\DI\DI.csproj", "{0858506D-0827-4396-B442-C77DD1147018}"
EndProject
Project("{2150E333-8FDC-42A3-9474-1A3956D46DE8}") = "WordApp.Application", "WordApp.Application", "{8E8529C1-E449-4F17-AC14-43D817594DCC}"
EndProject
Project("{2150E333-8FDC-42A3-9474-1A3956D46DE8}") = "WordApp.Infrastructure", "WordApp.Infrastructure", "{AFCE16A4-313F-4931-A78F-AE78F15FC795}"
EndProject
Project("{2150E333-8FDC-42A3-9474-1A3956D46DE8}") = "Interfaces", "Interfaces", "{61D6A262-E506-4FAD-8BAD-620B074A75A0}"
EndProject
Project("{2150E333-8FDC-42A3-9474-1A3956D46DE8}") = "Models", "Models", "{3C0A8CC3-47F4-40D4-A5E2-D3509C28B0E4}"
EndProject
Project("{9A19103F-16F7-4668-BE54-9A1E7A4F7556}") = "WordApp.BusinessLogic", "..\WordApp.BusinessLogic\WordApp.BusinessLogic.csproj", "{7ECCF0CF-0C31-4A7F-B79C-229FD419E11B}"
EndProject
Project("{9A19103F-16F7-4668-BE54-9A1E7A4F7556}") = "WordApp.BusinessInterface", "..\WordApp.BusinessInterface\WordApp.BusinessInterface.csproj", "{7A04782D-CC06-4DB8-A1BD-C4249A910E33}"
EndProject
Project("{9A19103F-16F7-4668-BE54-9A1E7A4F7556}") = "WordApp.BusinessModel", "..\WordApp.BusinessModel\WordApp.BusinessModel.csproj", "{68D5E30E-E46A-4529-A4AC-2161F06FCCF5}"
EndProject
Project("{9A19103F-16F7-4668-BE54-9A1E7A4F7556}") = "WordApp.CommonInterface", "..\WordApp.CommonInterface\WordApp.CommonInterface.csproj", "{E3173730-D309-43B1-90DA-841F34D448B8}"
EndProject
Project("{2150E333-8FDC-42A3-9474-1A3956D46DE8}") = "Resources", "Resources", "{E7EB11E9-D03A-42A4-9911-1D9780A1CCE5}"
EndProject
Project("{9A19103F-16F7-4668-BE54-9A1E7A4F7556}") = "WordApp.Resources", "..\WordApp.Resources\WordApp.Resources.csproj", "{CD22A91B-6D37-479F-A176-F792FF0FF244}"
EndProject
Project("{9A19103F-16F7-4668-BE54-9A1E7A4F7556}") = "WordApp.RepositoryInterface", "..\WordApp.RepositoryInterface\WordApp.RepositoryInterface.csproj", "{6EB7D531-5E90-4BDC-B876-1FDE6E789D7D}"
EndProject
Project("{9A19103F-16F7-4668-BE54-9A1E7A4F7556}") = "WordApp.Repository", "..\WordApp.Repository\WordApp.Repository.csproj", "{9DBCD9A7-03AC-45A1-B39D-E51D2B96CC37}"
EndProject
Project("{9A19103F-16F7-4668-BE54-9A1E7A4F7556}") = "WordApp.DataModel", "..\WordApp.DataModel\WordApp.DataModel.csproj", "{01E896A7-E76E-45A2-82BE-5C0F2FDF5DFA}"
EndProject
Project("{9A19103F-16F7-4668-BE54-9A1E7A4F7556}") = "WordApp.Mapper", "..\WordApp.Mapper\WordApp.Mapper.csproj", "{64FB9DFB-6804-409C-9BA1-7425883D5F27}"
EndProject
Project("{9A19103F-16F7-4668-BE54-9A1E7A4F7556}") = "WordApp.ServiceInterface", "..\WordApp.ServiceInterface\WordApp.ServiceInterface.csproj", "{6E6F0384-CBD4-4EEF-8324-A45496DBAC9F}"
EndProject
Project("{9A19103F-16F7-4668-BE54-9A1E7A4F7556}") = "WordApp.Service", "..\WordApp.Service\WordApp.Service.csproj", "{57B1D5DF-9698-4778-B2E6-B67B50C4DAAE}"
EndProject
Global
	GlobalSection(SolutionConfigurationPlatforms) = preSolution
		Debug|Any CPU = Debug|Any CPU
		Release|Any CPU = Release|Any CPU
	EndGlobalSection
	GlobalSection(ProjectConfigurationPlatforms) = postSolution
		{E7A49BC2-1D7C-41B7-A007-95EDBD6EACA6}.Debug|Any CPU.ActiveCfg = Debug|Any CPU
		{E7A49BC2-1D7C-41B7-A007-95EDBD6EACA6}.Debug|Any CPU.Build.0 = Debug|Any CPU
		{E7A49BC2-1D7C-41B7-A007-95EDBD6EACA6}.Release|Any CPU.ActiveCfg = Release|Any CPU
		{E7A49BC2-1D7C-41B7-A007-95EDBD6EACA6}.Release|Any CPU.Build.0 = Release|Any CPU
		{0858506D-0827-4396-B442-C77DD1147018}.Debug|Any CPU.ActiveCfg = Debug|Any CPU
		{0858506D-0827-4396-B442-C77DD1147018}.Debug|Any CPU.Build.0 = Debug|Any CPU
		{0858506D-0827-4396-B442-C77DD1147018}.Release|Any CPU.ActiveCfg = Release|Any CPU
		{0858506D-0827-4396-B442-C77DD1147018}.Release|Any CPU.Build.0 = Release|Any CPU
		{7ECCF0CF-0C31-4A7F-B79C-229FD419E11B}.Debug|Any CPU.ActiveCfg = Debug|Any CPU
		{7ECCF0CF-0C31-4A7F-B79C-229FD419E11B}.Debug|Any CPU.Build.0 = Debug|Any CPU
		{7ECCF0CF-0C31-4A7F-B79C-229FD419E11B}.Release|Any CPU.ActiveCfg = Release|Any CPU
		{7ECCF0CF-0C31-4A7F-B79C-229FD419E11B}.Release|Any CPU.Build.0 = Release|Any CPU
		{7A04782D-CC06-4DB8-A1BD-C4249A910E33}.Debug|Any CPU.ActiveCfg = Debug|Any CPU
		{7A04782D-CC06-4DB8-A1BD-C4249A910E33}.Debug|Any CPU.Build.0 = Debug|Any CPU
		{7A04782D-CC06-4DB8-A1BD-C4249A910E33}.Release|Any CPU.ActiveCfg = Release|Any CPU
		{7A04782D-CC06-4DB8-A1BD-C4249A910E33}.Release|Any CPU.Build.0 = Release|Any CPU
		{68D5E30E-E46A-4529-A4AC-2161F06FCCF5}.Debug|Any CPU.ActiveCfg = Debug|Any CPU
		{68D5E30E-E46A-4529-A4AC-2161F06FCCF5}.Debug|Any CPU.Build.0 = Debug|Any CPU
		{68D5E30E-E46A-4529-A4AC-2161F06FCCF5}.Release|Any CPU.ActiveCfg = Release|Any CPU
		{68D5E30E-E46A-4529-A4AC-2161F06FCCF5}.Release|Any CPU.Build.0 = Release|Any CPU
		{E3173730-D309-43B1-90DA-841F34D448B8}.Debug|Any CPU.ActiveCfg = Debug|Any CPU
		{E3173730-D309-43B1-90DA-841F34D448B8}.Debug|Any CPU.Build.0 = Debug|Any CPU
		{E3173730-D309-43B1-90DA-841F34D448B8}.Release|Any CPU.ActiveCfg = Release|Any CPU
		{E3173730-D309-43B1-90DA-841F34D448B8}.Release|Any CPU.Build.0 = Release|Any CPU
		{CD22A91B-6D37-479F-A176-F792FF0FF244}.Debug|Any CPU.ActiveCfg = Debug|Any CPU
		{CD22A91B-6D37-479F-A176-F792FF0FF244}.Debug|Any CPU.Build.0 = Debug|Any CPU
		{CD22A91B-6D37-479F-A176-F792FF0FF244}.Release|Any CPU.ActiveCfg = Release|Any CPU
		{CD22A91B-6D37-479F-A176-F792FF0FF244}.Release|Any CPU.Build.0 = Release|Any CPU
		{6EB7D531-5E90-4BDC-B876-1FDE6E789D7D}.Debug|Any CPU.ActiveCfg = Debug|Any CPU
		{6EB7D531-5E90-4BDC-B876-1FDE6E789D7D}.Debug|Any CPU.Build.0 = Debug|Any CPU
		{6EB7D531-5E90-4BDC-B876-1FDE6E789D7D}.Release|Any CPU.ActiveCfg = Release|Any CPU
		{6EB7D531-5E90-4BDC-B876-1FDE6E789D7D}.Release|Any CPU.Build.0 = Release|Any CPU
		{9DBCD9A7-03AC-45A1-B39D-E51D2B96CC37}.Debug|Any CPU.ActiveCfg = Debug|Any CPU
		{9DBCD9A7-03AC-45A1-B39D-E51D2B96CC37}.Debug|Any CPU.Build.0 = Debug|Any CPU
		{9DBCD9A7-03AC-45A1-B39D-E51D2B96CC37}.Release|Any CPU.ActiveCfg = Release|Any CPU
		{9DBCD9A7-03AC-45A1-B39D-E51D2B96CC37}.Release|Any CPU.Build.0 = Release|Any CPU
		{01E896A7-E76E-45A2-82BE-5C0F2FDF5DFA}.Debug|Any CPU.ActiveCfg = Debug|Any CPU
		{01E896A7-E76E-45A2-82BE-5C0F2FDF5DFA}.Debug|Any CPU.Build.0 = Debug|Any CPU
		{01E896A7-E76E-45A2-82BE-5C0F2FDF5DFA}.Release|Any CPU.ActiveCfg = Release|Any CPU
		{01E896A7-E76E-45A2-82BE-5C0F2FDF5DFA}.Release|Any CPU.Build.0 = Release|Any CPU
		{64FB9DFB-6804-409C-9BA1-7425883D5F27}.Debug|Any CPU.ActiveCfg = Debug|Any CPU
		{64FB9DFB-6804-409C-9BA1-7425883D5F27}.Debug|Any CPU.Build.0 = Debug|Any CPU
		{64FB9DFB-6804-409C-9BA1-7425883D5F27}.Release|Any CPU.ActiveCfg = Release|Any CPU
		{64FB9DFB-6804-409C-9BA1-7425883D5F27}.Release|Any CPU.Build.0 = Release|Any CPU
		{6E6F0384-CBD4-4EEF-8324-A45496DBAC9F}.Debug|Any CPU.ActiveCfg = Debug|Any CPU
		{6E6F0384-CBD4-4EEF-8324-A45496DBAC9F}.Debug|Any CPU.Build.0 = Debug|Any CPU
		{6E6F0384-CBD4-4EEF-8324-A45496DBAC9F}.Release|Any CPU.ActiveCfg = Release|Any CPU
		{6E6F0384-CBD4-4EEF-8324-A45496DBAC9F}.Release|Any CPU.Build.0 = Release|Any CPU
		{57B1D5DF-9698-4778-B2E6-B67B50C4DAAE}.Debug|Any CPU.ActiveCfg = Debug|Any CPU
		{57B1D5DF-9698-4778-B2E6-B67B50C4DAAE}.Debug|Any CPU.Build.0 = Debug|Any CPU
		{57B1D5DF-9698-4778-B2E6-B67B50C4DAAE}.Release|Any CPU.ActiveCfg = Release|Any CPU
		{57B1D5DF-9698-4778-B2E6-B67B50C4DAAE}.Release|Any CPU.Build.0 = Release|Any CPU
	EndGlobalSection
	GlobalSection(SolutionProperties) = preSolution
		HideSolutionNode = FALSE
	EndGlobalSection
	GlobalSection(NestedProjects) = preSolution
		{61D6A262-E506-4FAD-8BAD-620B074A75A0} = {8E8529C1-E449-4F17-AC14-43D817594DCC}
		{3C0A8CC3-47F4-40D4-A5E2-D3509C28B0E4} = {8E8529C1-E449-4F17-AC14-43D817594DCC}
		{7ECCF0CF-0C31-4A7F-B79C-229FD419E11B} = {8E8529C1-E449-4F17-AC14-43D817594DCC}
		{7A04782D-CC06-4DB8-A1BD-C4249A910E33} = {61D6A262-E506-4FAD-8BAD-620B074A75A0}
		{68D5E30E-E46A-4529-A4AC-2161F06FCCF5} = {3C0A8CC3-47F4-40D4-A5E2-D3509C28B0E4}
		{E3173730-D309-43B1-90DA-841F34D448B8} = {61D6A262-E506-4FAD-8BAD-620B074A75A0}
		{E7EB11E9-D03A-42A4-9911-1D9780A1CCE5} = {AFCE16A4-313F-4931-A78F-AE78F15FC795}
		{CD22A91B-6D37-479F-A176-F792FF0FF244} = {E7EB11E9-D03A-42A4-9911-1D9780A1CCE5}
		{6EB7D531-5E90-4BDC-B876-1FDE6E789D7D} = {61D6A262-E506-4FAD-8BAD-620B074A75A0}
		{9DBCD9A7-03AC-45A1-B39D-E51D2B96CC37} = {AFCE16A4-313F-4931-A78F-AE78F15FC795}
		{01E896A7-E76E-45A2-82BE-5C0F2FDF5DFA} = {3C0A8CC3-47F4-40D4-A5E2-D3509C28B0E4}
		{64FB9DFB-6804-409C-9BA1-7425883D5F27} = {3C0A8CC3-47F4-40D4-A5E2-D3509C28B0E4}
		{6E6F0384-CBD4-4EEF-8324-A45496DBAC9F} = {61D6A262-E506-4FAD-8BAD-620B074A75A0}
		{57B1D5DF-9698-4778-B2E6-B67B50C4DAAE} = {AFCE16A4-313F-4931-A78F-AE78F15FC795}
	EndGlobalSection
	GlobalSection(ExtensibilityGlobals) = postSolution
		SolutionGuid = {87EC1301-37C9-4783-AAFA-801E26BF38DF}
	EndGlobalSection
EndGlobal
